
Microsoft Visual Studio Solution File, Format Version 12.00
# Visual Studio Version 17
VisualStudioVersion = 17.14.36804.6 d17.14
MinimumVisualStudioVersion = 10.0.40219.1
Project("{FAE04EC0-301F-11D3-BF4B-00C04F79EFBC}") = "NGO_Connect_LoginAndRegister_API", "NGO_Connect_LoginAndRegister_API\NGO_Connect_LoginAndRegister_API.csproj", "{0973D751-FC67-4EC1-8916-80763CF24205}"
EndProject
Global
	GlobalSection(SolutionConfigurationPlatforms) = preSolution
		Debug|Any CPU = Debug|Any CPU
		Release|Any CPU = Release|Any CPU
	EndGlobalSection
	GlobalSection(ProjectConfigurationPlatforms) = postSolution
		{0973D751-FC67-4EC1-8916-80763CF24205}.Debug|Any CPU.ActiveCfg = Debug|Any CPU
		{0973D751-FC67-4EC1-8916-80763CF24205}.Debug|Any CPU.Build.0 = Debug|Any CPU
		{0973D751-FC67-4EC1-8916-80763CF24205}.Release|Any CPU.ActiveCfg = Release|Any CPU
		{0973D751-FC67-4EC1-8916-80763CF24205}.Release|Any CPU.Build.0 = Release|Any CPU
	EndGlobalSection
	GlobalSection(SolutionProperties) = preSolution
		HideSolutionNode = FALSE
	EndGlobalSection
	GlobalSection(ExtensibilityGlobals) = postSolution
		SolutionGuid = {1374ECEB-6D2A-4917-ABBD-3229BDD732A2}
	EndGlobalSection
EndGlobal
